
Microsoft Visual Studio Solution File, Format Version 12.00
# Visual Studio Version 16
VisualStudioVersion = 16.0.29806.167
MinimumVisualStudioVersion = 10.0.40219.1
Project("{FAE04EC0-301F-11D3-BF4B-00C04F79EFBC}") = "IVSMathLibrary", "IVSMathLibrary\IVSMathLibrary.csproj", "{10A79489-25F4-4477-A1F0-23FFE711470D}"
EndProject
Project("{FAE04EC0-301F-11D3-BF4B-00C04F79EFBC}") = "IVSMathLibraryTests", "IVSMathLibraryTests\IVSMathLibraryTests.csproj", "{CA2639B3-0115-4DCF-8A30-44D138F432D4}"
EndProject
Project("{FAE04EC0-301F-11D3-BF4B-00C04F79EFBC}") = "CalculatorGUI", "CalculatorGUI\CalculatorGUI.csproj", "{855EF8FA-2B02-4CBD-80D7-C01CAAFBD194}"
EndProject
Project("{7CF6DF6D-3B04-46F8-A40B-537D21BCA0B4}") = "UserDoc", "UserDoc\UserDoc.shfbproj", "{A81D0BD1-C64A-4342-9A39-2F5120804965}"
EndProject
Global
	GlobalSection(SolutionConfigurationPlatforms) = preSolution
		Debug|Any CPU = Debug|Any CPU
		Release|Any CPU = Release|Any CPU
	EndGlobalSection
	GlobalSection(ProjectConfigurationPlatforms) = postSolution
		{10A79489-25F4-4477-A1F0-23FFE711470D}.Debug|Any CPU.ActiveCfg = Debug|Any CPU
		{10A79489-25F4-4477-A1F0-23FFE711470D}.Debug|Any CPU.Build.0 = Debug|Any CPU
		{10A79489-25F4-4477-A1F0-23FFE711470D}.Release|Any CPU.ActiveCfg = Release|Any CPU
		{10A79489-25F4-4477-A1F0-23FFE711470D}.Release|Any CPU.Build.0 = Release|Any CPU
		{CA2639B3-0115-4DCF-8A30-44D138F432D4}.Debug|Any CPU.ActiveCfg = Debug|Any CPU
		{CA2639B3-0115-4DCF-8A30-44D138F432D4}.Debug|Any CPU.Build.0 = Debug|Any CPU
		{CA2639B3-0115-4DCF-8A30-44D138F432D4}.Release|Any CPU.ActiveCfg = Release|Any CPU
		{CA2639B3-0115-4DCF-8A30-44D138F432D4}.Release|Any CPU.Build.0 = Release|Any CPU
		{855EF8FA-2B02-4CBD-80D7-C01CAAFBD194}.Debug|Any CPU.ActiveCfg = Debug|Any CPU
		{855EF8FA-2B02-4CBD-80D7-C01CAAFBD194}.Debug|Any CPU.Build.0 = Debug|Any CPU
		{855EF8FA-2B02-4CBD-80D7-C01CAAFBD194}.Release|Any CPU.ActiveCfg = Release|Any CPU
		{855EF8FA-2B02-4CBD-80D7-C01CAAFBD194}.Release|Any CPU.Build.0 = Release|Any CPU
		{A81D0BD1-C64A-4342-9A39-2F5120804965}.Debug|Any CPU.ActiveCfg = Debug|Any CPU
		{A81D0BD1-C64A-4342-9A39-2F5120804965}.Debug|Any CPU.Build.0 = Debug|Any CPU
		{A81D0BD1-C64A-4342-9A39-2F5120804965}.Release|Any CPU.ActiveCfg = Release|Any CPU
		{A81D0BD1-C64A-4342-9A39-2F5120804965}.Release|Any CPU.Build.0 = Release|Any CPU
	EndGlobalSection
	GlobalSection(SolutionProperties) = preSolution
		HideSolutionNode = FALSE
	EndGlobalSection
	GlobalSection(ExtensibilityGlobals) = postSolution
		SolutionGuid = {E034D3A8-38A2-4452-9C64-663A31013257}
	EndGlobalSection
EndGlobal
